
Microsoft Visual Studio Solution File, Format Version 12.00
# Visual Studio 15
VisualStudioVersion = 15.0.26228.4
MinimumVisualStudioVersion = 10.0.40219.1
Project("{9A19103F-16F7-4668-BE54-9A1E7A4F7556}") = "ProjectPeople.API", "ProjectPeople\ProjectPeople.API.csproj", "{C67F97DD-A015-4F36-ADE2-BDD8F28DBB9F}"
EndProject
Project("{9A19103F-16F7-4668-BE54-9A1E7A4F7556}") = "ProjectPeople.Domain", "ProjectPeople.Domain\ProjectPeople.Domain.csproj", "{0501DC3F-12BD-4064-97AF-5F69ABD76B7C}"
EndProject
Project("{9A19103F-16F7-4668-BE54-9A1E7A4F7556}") = "ProjectPeople.Infra", "ProjectPeople.Infra\ProjectPeople.Infra.csproj", "{0B5C2907-F58F-41EC-9EFB-5C76D0B4FB2B}"
EndProject
Global
	GlobalSection(SolutionConfigurationPlatforms) = preSolution
		Debug|Any CPU = Debug|Any CPU
		Debug|x64 = Debug|x64
		Debug|x86 = Debug|x86
		Release|Any CPU = Release|Any CPU
		Release|x64 = Release|x64
		Release|x86 = Release|x86
	EndGlobalSection
	GlobalSection(ProjectConfigurationPlatforms) = postSolution
		{C67F97DD-A015-4F36-ADE2-BDD8F28DBB9F}.Debug|Any CPU.ActiveCfg = Debug|Any CPU
		{C67F97DD-A015-4F36-ADE2-BDD8F28DBB9F}.Debug|Any CPU.Build.0 = Debug|Any CPU
		{C67F97DD-A015-4F36-ADE2-BDD8F28DBB9F}.Debug|x64.ActiveCfg = Debug|Any CPU
		{C67F97DD-A015-4F36-ADE2-BDD8F28DBB9F}.Debug|x64.Build.0 = Debug|Any CPU
		{C67F97DD-A015-4F36-ADE2-BDD8F28DBB9F}.Debug|x86.ActiveCfg = Debug|Any CPU
		{C67F97DD-A015-4F36-ADE2-BDD8F28DBB9F}.Debug|x86.Build.0 = Debug|Any CPU
		{C67F97DD-A015-4F36-ADE2-BDD8F28DBB9F}.Release|Any CPU.ActiveCfg = Release|Any CPU
		{C67F97DD-A015-4F36-ADE2-BDD8F28DBB9F}.Release|Any CPU.Build.0 = Release|Any CPU
		{C67F97DD-A015-4F36-ADE2-BDD8F28DBB9F}.Release|x64.ActiveCfg = Release|Any CPU
		{C67F97DD-A015-4F36-ADE2-BDD8F28DBB9F}.Release|x64.Build.0 = Release|Any CPU
		{C67F97DD-A015-4F36-ADE2-BDD8F28DBB9F}.Release|x86.ActiveCfg = Release|Any CPU
		{C67F97DD-A015-4F36-ADE2-BDD8F28DBB9F}.Release|x86.Build.0 = Release|Any CPU
		{0501DC3F-12BD-4064-97AF-5F69ABD76B7C}.Debug|Any CPU.ActiveCfg = Debug|Any CPU
		{0501DC3F-12BD-4064-97AF-5F69ABD76B7C}.Debug|Any CPU.Build.0 = Debug|Any CPU
		{0501DC3F-12BD-4064-97AF-5F69ABD76B7C}.Debug|x64.ActiveCfg = Debug|Any CPU
		{0501DC3F-12BD-4064-97AF-5F69ABD76B7C}.Debug|x64.Build.0 = Debug|Any CPU
		{0501DC3F-12BD-4064-97AF-5F69ABD76B7C}.Debug|x86.ActiveCfg = Debug|Any CPU
		{0501DC3F-12BD-4064-97AF-5F69ABD76B7C}.Debug|x86.Build.0 = Debug|Any CPU
		{0501DC3F-12BD-4064-97AF-5F69ABD76B7C}.Release|Any CPU.ActiveCfg = Release|Any CPU
		{0501DC3F-12BD-4064-97AF-5F69ABD76B7C}.Release|Any CPU.Build.0 = Release|Any CPU
		{0501DC3F-12BD-4064-97AF-5F69ABD76B7C}.Release|x64.ActiveCfg = Release|Any CPU
		{0501DC3F-12BD-4064-97AF-5F69ABD76B7C}.Release|x64.Build.0 = Release|Any CPU
		{0501DC3F-12BD-4064-97AF-5F69ABD76B7C}.Release|x86.ActiveCfg = Release|Any CPU
		{0501DC3F-12BD-4064-97AF-5F69ABD76B7C}.Release|x86.Build.0 = Release|Any CPU
		{0B5C2907-F58F-41EC-9EFB-5C76D0B4FB2B}.Debug|Any CPU.ActiveCfg = Debug|Any CPU
		{0B5C2907-F58F-41EC-9EFB-5C76D0B4FB2B}.Debug|Any CPU.Build.0 = Debug|Any CPU
		{0B5C2907-F58F-41EC-9EFB-5C76D0B4FB2B}.Debug|x64.ActiveCfg = Debug|Any CPU
		{0B5C2907-F58F-41EC-9EFB-5C76D0B4FB2B}.Debug|x64.Build.0 = Debug|Any CPU
		{0B5C2907-F58F-41EC-9EFB-5C76D0B4FB2B}.Debug|x86.ActiveCfg = Debug|Any CPU
		{0B5C2907-F58F-41EC-9EFB-5C76D0B4FB2B}.Debug|x86.Build.0 = Debug|Any CPU
		{0B5C2907-F58F-41EC-9EFB-5C76D0B4FB2B}.Release|Any CPU.ActiveCfg = Release|Any CPU
		{0B5C2907-F58F-41EC-9EFB-5C76D0B4FB2B}.Release|Any CPU.Build.0 = Release|Any CPU
		{0B5C2907-F58F-41EC-9EFB-5C76D0B4FB2B}.Release|x64.ActiveCfg = Release|Any CPU
		{0B5C2907-F58F-41EC-9EFB-5C76D0B4FB2B}.Release|x64.Build.0 = Release|Any CPU
		{0B5C2907-F58F-41EC-9EFB-5C76D0B4FB2B}.Release|x86.ActiveCfg = Release|Any CPU
		{0B5C2907-F58F-41EC-9EFB-5C76D0B4FB2B}.Release|x86.Build.0 = Release|Any CPU
	EndGlobalSection
	GlobalSection(SolutionProperties) = preSolution
		HideSolutionNode = FALSE
	EndGlobalSection
EndGlobal
